
Microsoft Visual Studio Solution File, Format Version 12.00
# Visual Studio Version 17
VisualStudioVersion = 17.5.002.0
MinimumVisualStudioVersion = 10.0.40219.1
Project("{9A19103F-16F7-4668-BE54-9A1E7A4F7556}") = "PetsApi", "PetsApi\PetsApi.csproj", "{2200ABCE-B36D-467A-BD4C-A5B724978586}"
EndProject
Global
	GlobalSection(SolutionConfigurationPlatforms) = preSolution
		Debug|Any CPU = Debug|Any CPU
		Release|Any CPU = Release|Any CPU
	EndGlobalSection
	GlobalSection(ProjectConfigurationPlatforms) = postSolution
		{2200ABCE-B36D-467A-BD4C-A5B724978586}.Debug|Any CPU.ActiveCfg = Debug|Any CPU
		{2200ABCE-B36D-467A-BD4C-A5B724978586}.Debug|Any CPU.Build.0 = Debug|Any CPU
		{2200ABCE-B36D-467A-BD4C-A5B724978586}.Release|Any CPU.ActiveCfg = Release|Any CPU
		{2200ABCE-B36D-467A-BD4C-A5B724978586}.Release|Any CPU.Build.0 = Release|Any CPU
	EndGlobalSection
	GlobalSection(SolutionProperties) = preSolution
		HideSolutionNode = FALSE
	EndGlobalSection
	GlobalSection(ExtensibilityGlobals) = postSolution
		SolutionGuid = {08579315-D80F-4500-91C7-E8F4738A109F}
	EndGlobalSection
EndGlobal
